
Microsoft Visual Studio Solution File, Format Version 12.00
# Visual Studio Version 17
VisualStudioVersion = 17.6.33723.286
MinimumVisualStudioVersion = 10.0.40219.1
Project("{FAE04EC0-301F-11D3-BF4B-00C04F79EFBC}") = "Generics", "Generics\Generics.csproj", "{358123ED-1C5E-4419-A3B3-069CD9FF446E}"
EndProject
Global
	GlobalSection(SolutionConfigurationPlatforms) = preSolution
		Debug|Any CPU = Debug|Any CPU
		Release|Any CPU = Release|Any CPU
	EndGlobalSection
	GlobalSection(ProjectConfigurationPlatforms) = postSolution
		{358123ED-1C5E-4419-A3B3-069CD9FF446E}.Debug|Any CPU.ActiveCfg = Debug|Any CPU
		{358123ED-1C5E-4419-A3B3-069CD9FF446E}.Debug|Any CPU.Build.0 = Debug|Any CPU
		{358123ED-1C5E-4419-A3B3-069CD9FF446E}.Release|Any CPU.ActiveCfg = Release|Any CPU
		{358123ED-1C5E-4419-A3B3-069CD9FF446E}.Release|Any CPU.Build.0 = Release|Any CPU
	EndGlobalSection
	GlobalSection(SolutionProperties) = preSolution
		HideSolutionNode = FALSE
	EndGlobalSection
	GlobalSection(ExtensibilityGlobals) = postSolution
		SolutionGuid = {B56BAB6F-34CF-4CAF-848D-A0B9771AFFB6}
	EndGlobalSection
EndGlobal
